<?xml version="1.0" encoding="utf-8"?>
<Project ToolsVersion="4.0" xmlns="http://schemas.microsoft.com/developer/msbuild/2003">
  <ItemGroup>
    <Filter Include="Source Files">
      <UniqueIdentifier>{723d92e7-d551-4351-bd18-3ca67fbcfcea}</UniqueIdentifier>
      <Extensions>cpp;c;cxx;rc;def;r;odl;idl;hpj;bat</Extensions>
    </Filter>
    <Filter Include="Header Files">
      <UniqueIdentifier>{1b5db210-272e-4d23-ace8-2c4b76eb2f55}</UniqueIdentifier>
      <Extensions>h;hpp;hxx;hm;inl</Extensions>
    </Filter>
    <Filter Include="Resource Files">
      <UniqueIdentifier>{91ab70d9-9e84-45c6-9ed4-c4a11f9e326c}</UniqueIdentifier>
      <Extensions>ico;cur;bmp;dlg;rc2;rct;bin;rgs;gif;jpg;jpeg;jpe</Extensions>
    </Filter>
  </ItemGroup>
  <ItemGroup>
    <ClCompile Include="BaiDlg.cpp">
      <Filter>Source Files</Filter>
    </ClCompile>
    <ClCompile Include="BaseClasses.cpp">
      <Filter>Source Files</Filter>
    </ClCompile>
    <ClCompile Include="BaseDef.cpp">
      <Filter>Source Files</Filter>
    </ClCompile>
    <ClCompile Include="Chess.cpp">
      <Filter>Source Files</Filter>
    </ClCompile>
    <ClCompile Include="ChessDlg.cpp">
      <Filter>Source Files</Filter>
    </ClCompile>
    <ClCompile Include="CoolButton.cpp">
      <Filter>Source Files</Filter>
    </ClCompile>
    <ClCompile Include="OpenDlg.cpp">
      <Filter>Source Files</Filter>
    </ClCompile>
    <ClCompile Include="OptionDlg.cpp">
      <Filter>Source Files</Filter>
    </ClCompile>
    <ClCompile Include="StdAfx.cpp">
      <Filter>Source Files</Filter>
    </ClCompile>
    <ClCompile Include="StepList.cpp">
      <Filter>Source Files</Filter>
    </ClCompile>
    <ClCompile Include="Thinker.cpp">
      <Filter>Source Files</Filter>
    </ClCompile>
    <ClCompile Include="ThinkOptionDlg.cpp">
      <Filter>Source Files</Filter>
    </ClCompile>
  </ItemGroup>
  <ItemGroup>
    <ResourceCompile Include="Chess.rc">
      <Filter>Source Files</Filter>
    </ResourceCompile>
  </ItemGroup>
  <ItemGroup>
    <ClInclude Include="BaiDlg.h">
      <Filter>Header Files</Filter>
    </ClInclude>
    <ClInclude Include="BaseClasses.h">
      <Filter>Header Files</Filter>
    </ClInclude>
    <ClInclude Include="BaseDef.h">
      <Filter>Header Files</Filter>
    </ClInclude>
    <ClInclude Include="Chess.h">
      <Filter>Header Files</Filter>
    </ClInclude>
    <ClInclude Include="ChessDlg.h">
      <Filter>Header Files</Filter>
    </ClInclude>
    <ClInclude Include="CoolButton.h">
      <Filter>Header Files</Filter>
    </ClInclude>
    <ClInclude Include="OpenDlg.h">
      <Filter>Header Files</Filter>
    </ClInclude>
    <ClInclude Include="OptionDlg.h">
      <Filter>Header Files</Filter>
    </ClInclude>
    <ClInclude Include="Resource.h">
      <Filter>Header Files</Filter>
    </ClInclude>
    <ClInclude Include="StdAfx.h">
      <Filter>Header Files</Filter>
    </ClInclude>
    <ClInclude Include="StepList.h">
      <Filter>Header Files</Filter>
    </ClInclude>
    <ClInclude Include="Thinkdef.h">
      <Filter>Header Files</Filter>
    </ClInclude>
    <ClInclude Include="Thinker.h">
      <Filter>Header Files</Filter>
    </ClInclude>
    <ClInclude Include="ThinkOptionDlg.h">
      <Filter>Header Files</Filter>
    </ClInclude>
  </ItemGroup>
  <ItemGroup>
    <CustomBuild Include="res\BLACK_B.ico">
      <Filter>Resource Files</Filter>
    </CustomBuild>
    <CustomBuild Include="res\BLACK_J.ico">
      <Filter>Resource Files</Filter>
    </CustomBuild>
    <CustomBuild Include="res\BLACK_K.ico">
      <Filter>Resource Files</Filter>
    </CustomBuild>
    <CustomBuild Include="res\BLACK_M.ico">
      <Filter>Resource Files</Filter>
    </CustomBuild>
    <CustomBuild Include="res\BLACK_P.ico">
      <Filter>Resource Files</Filter>
    </CustomBuild>
    <CustomBuild Include="res\BLACK_S.ico">
      <Filter>Resource Files</Filter>
    </CustomBuild>
    <CustomBuild Include="res\BLACK_X.ico">
      <Filter>Resource Files</Filter>
    </CustomBuild>
    <CustomBuild Include="res\Chess.ico">
      <Filter>Resource Files</Filter>
    </CustomBuild>
    <CustomBuild Include="res\Chess.rc2">
      <Filter>Resource Files</Filter>
    </CustomBuild>
    <CustomBuild Include="res\cut.ico">
      <Filter>Resource Files</Filter>
    </CustomBuild>
    <CustomBuild Include="res\dir.ico">
      <Filter>Resource Files</Filter>
    </CustomBuild>
    <CustomBuild Include="res\icon1.ico">
      <Filter>Resource Files</Filter>
    </CustomBuild>
    <CustomBuild Include="res\icon2.ico">
      <Filter>Resource Files</Filter>
    </CustomBuild>
    <CustomBuild Include="res\icon3.ico">
      <Filter>Resource Files</Filter>
    </CustomBuild>
    <CustomBuild Include="res\RED_B.ico">
      <Filter>Resource Files</Filter>
    </CustomBuild>
    <CustomBuild Include="res\RED_J.ico">
      <Filter>Resource Files</Filter>
    </CustomBuild>
    <CustomBuild Include="res\RED_K.ico">
      <Filter>Resource Files</Filter>
    </CustomBuild>
    <CustomBuild Include="res\RED_M.ico">
      <Filter>Resource Files</Filter>
    </CustomBuild>
    <CustomBuild Include="res\RED_P.ico">
      <Filter>Resource Files</Filter>
    </CustomBuild>
    <CustomBuild Include="res\RED_S.ico">
      <Filter>Resource Files</Filter>
    </CustomBuild>
    <CustomBuild Include="res\RED_X.ico">
      <Filter>Resource Files</Filter>
    </CustomBuild>
    <CustomBuild Include="ReadMe.txt" />
    <CustomBuild Include="历史.txt" />
  </ItemGroup>
</Project>